
Microsoft Visual Studio Solution File, Format Version 12.00
# Visual Studio Version 17
VisualStudioVersion = 17.8.34309.116
MinimumVisualStudioVersion = 10.0.40219.1
Project("{FAE04EC0-301F-11D3-BF4B-00C04F79EFBC}") = "WindowsFormsApp3", "WindowsFormsApp3\WindowsFormsApp3.csproj", "{DCFBDEFD-B6CB-492A-B928-8274C135A5CD}"
EndProject
Global
	GlobalSection(SolutionConfigurationPlatforms) = preSolution
		Debug|Any CPU = Debug|Any CPU
		Release|Any CPU = Release|Any CPU
	EndGlobalSection
	GlobalSection(ProjectConfigurationPlatforms) = postSolution
		{DCFBDEFD-B6CB-492A-B928-8274C135A5CD}.Debug|Any CPU.ActiveCfg = Debug|Any CPU
		{DCFBDEFD-B6CB-492A-B928-8274C135A5CD}.Debug|Any CPU.Build.0 = Debug|Any CPU
		{DCFBDEFD-B6CB-492A-B928-8274C135A5CD}.Release|Any CPU.ActiveCfg = Release|Any CPU
		{DCFBDEFD-B6CB-492A-B928-8274C135A5CD}.Release|Any CPU.Build.0 = Release|Any CPU
	EndGlobalSection
	GlobalSection(SolutionProperties) = preSolution
		HideSolutionNode = FALSE
	EndGlobalSection
	GlobalSection(ExtensibilityGlobals) = postSolution
		SolutionGuid = {1A69DBBA-01DB-40F3-98BD-6AE4F9698D6B}
	EndGlobalSection
EndGlobal
